// !$*UTF8*$!
{
	archiveVersion = 1;
	classes = {
	};
	objectVersion = 50;
	objects = {

/* Begin PBXBuildFile section */
		51AD21E19B80B216194E82D0 /* Pods_Peria.framework in Frameworks */ = {isa = PBXBuildFile; fileRef = E8CB58650CDA86D68041C357 /* Pods_Peria.framework */; };
		E9899B8720D5D58A009B3BF7 /* AppDelegate.swift in Sources */ = {isa = PBXBuildFile; fileRef = E9899B8620D5D58A009B3BF7 /* AppDelegate.swift */; };
		E9899B8920D5D58A009B3BF7 /* ViewController.swift in Sources */ = {isa = PBXBuildFile; fileRef = E9899B8820D5D58A009B3BF7 /* ViewController.swift */; };
		E9899B8C20D5D58A009B3BF7 /* Main.storyboard in Resources */ = {isa = PBXBuildFile; fileRef = E9899B8A20D5D58A009B3BF7 /* Main.storyboard */; };
		E9899B8E20D5D590009B3BF7 /* Assets.xcassets in Resources */ = {isa = PBXBuildFile; fileRef = E9899B8D20D5D590009B3BF7 /* Assets.xcassets */; };
		E9899B9120D5D590009B3BF7 /* LaunchScreen.storyboard in Resources */ = {isa = PBXBuildFile; fileRef = E9899B8F20D5D590009B3BF7 /* LaunchScreen.storyboard */; };
		E9899B9C20D5E859009B3BF7 /* GoogleService-Info.plist in Resources */ = {isa = PBXBuildFile; fileRef = E9899B9B20D5E858009B3BF7 /* GoogleService-Info.plist */; };
/* End PBXBuildFile section */

/* Begin PBXFileReference section */
		4E2989BBF6DFA978D3EE0829 /* Pods-Peria.debug.xcconfig */ = {isa = PBXFileReference; includeInIndex = 1; lastKnownFileType = text.xcconfig; name = "Pods-Peria.debug.xcconfig"; path = "Pods/Target Support Files/Pods-Peria/Pods-Peria.debug.xcconfig"; sourceTree = "<group>"; };
		80C6C085D6A8DB98D95F695E /* Pods-Peria.release.xcconfig */ = {isa = PBXFileReference; includeInIndex = 1; lastKnownFileType = text.xcconfig; name = "Pods-Peria.release.xcconfig"; path = "Pods/Target Support Files/Pods-Peria/Pods-Peria.release.xcconfig"; sourceTree = "<group>"; };
		E8CB58650CDA86D68041C357 /* Pods_Peria.framework */ = {isa = PBXFileReference; explicitFileType = wrapper.framework; includeInIndex = 0; path = Pods_Peria.framework; sourceTree = BUILT_PRODUCTS_DIR; };
		E9899B8320D5D58A009B3BF7 /* Peria.app */ = {isa = PBXFileReference; explicitFileType = wrapper.application; includeInIndex = 0; path = Peria.app; sourceTree = BUILT_PRODUCTS_DIR; };
		E9899B8620D5D58A009B3BF7 /* AppDelegate.swift */ = {isa = PBXFileReference; lastKnownFileType = sourcecode.swift; path = AppDelegate.swift; sourceTree = "<group>"; };
		E9899B8820D5D58A009B3BF7 /* ViewController.swift */ = {isa = PBXFileReference; lastKnownFileType = sourcecode.swift; path = ViewController.swift; sourceTree = "<group>"; };
		E9899B8B20D5D58A009B3BF7 /* Base */ = {isa = PBXFileReference; lastKnownFileType = file.storyboard; name = Base; path = Base.lproj/Main.storyboard; sourceTree = "<group>"; };
		E9899B8D20D5D590009B3BF7 /* Assets.xcassets */ = {isa = PBXFileReference; lastKnownFileType = folder.assetcatalog; path = Assets.xcassets; sourceTree = "<group>"; };
		E9899B9020D5D590009B3BF7 /* Base */ = {isa = PBXFileReference; lastKnownFileType = file.storyboard; name = Base; path = Base.lproj/LaunchScreen.storyboard; sourceTree = "<group>"; };
		E9899B9220D5D590009B3BF7 /* Info.plist */ = {isa = PBXFileReference; lastKnownFileType = text.plist.xml; path = Info.plist; sourceTree = "<group>"; };
		E9899B9A20D5DCFD009B3BF7 /* Peria.entitlements */ = {isa = PBXFileReference; lastKnownFileType = text.plist.entitlements; path = Peria.entitlements; sourceTree = "<group>"; };
		E9899B9B20D5E858009B3BF7 /* GoogleService-Info.plist */ = {isa = PBXFileReference; fileEncoding = 4; lastKnownFileType = text.plist.xml; path = "GoogleService-Info.plist"; sourceTree = "<group>"; };
/* End PBXFileReference section */

/* Begin PBXFrameworksBuildPhase section */
		E9899B8020D5D58A009B3BF7 /* Frameworks */ = {
			isa = PBXFrameworksBuildPhase;
			buildActionMask = 2147483647;
			files = (
				51AD21E19B80B216194E82D0 /* Pods_Peria.framework in Frameworks */,
			);
			runOnlyForDeploymentPostprocessing = 0;
		};
/* End PBXFrameworksBuildPhase section */

/* Begin PBXGroup section */
		43E8E125542C0B747E87DE1C /* Pods */ = {
			isa = PBXGroup;
			children = (
				4E2989BBF6DFA978D3EE0829 /* Pods-Peria.debug.xcconfig */,
				80C6C085D6A8DB98D95F695E /* Pods-Peria.release.xcconfig */,
			);
			name = Pods;
			sourceTree = "<group>";
		};
		B344B879BDABB2B2B005B3D7 /* Frameworks */ = {
			isa = PBXGroup;
			children = (
				E8CB58650CDA86D68041C357 /* Pods_Peria.framework */,
			);
			name = Frameworks;
			sourceTree = "<group>";
		};
		E9899B7A20D5D58A009B3BF7 = {
			isa = PBXGroup;
			children = (
				E9899B8520D5D58A009B3BF7 /* Peria */,
				E9899B8420D5D58A009B3BF7 /* Products */,
				43E8E125542C0B747E87DE1C /* Pods */,
				B344B879BDABB2B2B005B3D7 /* Frameworks */,
			);
			sourceTree = "<group>";
		};
		E9899B8420D5D58A009B3BF7 /* Products */ = {
			isa = PBXGroup;
			children = (
				E9899B8320D5D58A009B3BF7 /* Peria.app */,
			);
			name = Products;
			sourceTree = "<group>";
		};
		E9899B8520D5D58A009B3BF7 /* Peria */ = {
			isa = PBXGroup;
			children = (
				E9899B9A20D5DCFD009B3BF7 /* Peria.entitlements */,
				E9899B8620D5D58A009B3BF7 /* AppDelegate.swift */,
				E9899B8820D5D58A009B3BF7 /* ViewController.swift */,
				E9899B8A20D5D58A009B3BF7 /* Main.storyboard */,
				E9899B8D20D5D590009B3BF7 /* Assets.xcassets */,
				E9899B8F20D5D590009B3BF7 /* LaunchScreen.storyboard */,
				E9899B9220D5D590009B3BF7 /* Info.plist */,
				E9899B9B20D5E858009B3BF7 /* GoogleService-Info.plist */,
			);
			path = Peria;
			sourceTree = "<group>";
		};
/* End PBXGroup section */

/* Begin PBXNativeTarget section */
		E9899B8220D5D58A009B3BF7 /* Peria */ = {
			isa = PBXNativeTarget;
			buildConfigurationList = E9899B9520D5D590009B3BF7 /* Build configuration list for PBXNativeTarget "Peria" */;
			buildPhases = (
				0461EAFDA8C508C7272E5A36 /* [CP] Check Pods Manifest.lock */,
				E9899B7F20D5D58A009B3BF7 /* Sources */,
				E9899B8020D5D58A009B3BF7 /* Frameworks */,
				E9899B8120D5D58A009B3BF7 /* Resources */,
				D56A7B373B30BF629E02E6C3 /* [CP] Embed Pods Frameworks */,
			);
			buildRules = (
			);
			dependencies = (
			);
			name = Peria;
			productName = Peria;
			productReference = E9899B8320D5D58A009B3BF7 /* Peria.app */;
			productType = "com.apple.product-type.application";
		};
/* End PBXNativeTarget section */

/* Begin PBXProject section */
		E9899B7B20D5D58A009B3BF7 /* Project object */ = {
			isa = PBXProject;
			attributes = {
				LastSwiftUpdateCheck = 0930;
				LastUpgradeCheck = 0930;
				ORGANIZATIONNAME = "Cosmic Arrows, LLC";
				TargetAttributes = {
					E9899B8220D5D58A009B3BF7 = {
						CreatedOnToolsVersion = 9.3.1;
						SystemCapabilities = {
							com.apple.Push = {
								enabled = 1;
							};
						};
					};
				};
			};
			buildConfigurationList = E9899B7E20D5D58A009B3BF7 /* Build configuration list for PBXProject "Peria" */;
			compatibilityVersion = "Xcode 9.3";
			developmentRegion = en;
			hasScannedForEncodings = 0;
			knownRegions = (
				en,
				Base,
			);
			mainGroup = E9899B7A20D5D58A009B3BF7;
			productRefGroup = E9899B8420D5D58A009B3BF7 /* Products */;
			projectDirPath = "";
			projectRoot = "";
			targets = (
				E9899B8220D5D58A009B3BF7 /* Peria */,
			);
		};
/* End PBXProject section */

/* Begin PBXResourcesBuildPhase section */
		E9899B8120D5D58A009B3BF7 /* Resources */ = {
			isa = PBXResourcesBuildPhase;
			buildActionMask = 2147483647;
			files = (
				E9899B9120D5D590009B3BF7 /* LaunchScreen.storyboard in Resources */,
				E9899B9C20D5E859009B3BF7 /* GoogleService-Info.plist in Resources */,
				E9899B8E20D5D590009B3BF7 /* Assets.xcassets in Resources */,
				E9899B8C20D5D58A009B3BF7 /* Main.storyboard in Resources */,
			);
			runOnlyForDeploymentPostprocessing = 0;
		};
/* End PBXResourcesBuildPhase section */

/* Begin PBXShellScriptBuildPhase section */
		0461EAFDA8C508C7272E5A36 /* [CP] Check Pods Manifest.lock */ = {
			isa = PBXShellScriptBuildPhase;
			buildActionMask = 2147483647;
			files = (
			);
			inputPaths = (
				"${PODS_PODFILE_DIR_PATH}/Podfile.lock",
				"${PODS_ROOT}/Manifest.lock",
			);
			name = "[CP] Check Pods Manifest.lock";
			outputPaths = (
				"$(DERIVED_FILE_DIR)/Pods-Peria-checkManifestLockResult.txt",
			);
			runOnlyForDeploymentPostprocessing = 0;
			shellPath = /bin/sh;
			shellScript = "diff \"${PODS_PODFILE_DIR_PATH}/Podfile.lock\" \"${PODS_ROOT}/Manifest.lock\" > /dev/null\nif [ $? != 0 ] ; then\n    # print error to STDERR\n    echo \"error: The sandbox is not in sync with the Podfile.lock. Run 'pod install' or update your CocoaPods installation.\" >&2\n    exit 1\nfi\n# This output is used by Xcode 'outputs' to avoid re-running this script phase.\necho \"SUCCESS\" > \"${SCRIPT_OUTPUT_FILE_0}\"\n";
			showEnvVarsInLog = 0;
		};
		D56A7B373B30BF629E02E6C3 /* [CP] Embed Pods Frameworks */ = {
			isa = PBXShellScriptBuildPhase;
			buildActionMask = 2147483647;
			files = (
			);
			inputPaths = (
				"${SRCROOT}/Pods/Target Support Files/Pods-Peria/Pods-Peria-frameworks.sh",
				"${BUILT_PRODUCTS_DIR}/GoogleToolboxForMac/GoogleToolboxForMac.framework",
				"${BUILT_PRODUCTS_DIR}/Protobuf/Protobuf.framework",
				"${BUILT_PRODUCTS_DIR}/nanopb/nanopb.framework",
			);
			name = "[CP] Embed Pods Frameworks";
			outputPaths = (
				"${TARGET_BUILD_DIR}/${FRAMEWORKS_FOLDER_PATH}/GoogleToolboxForMac.framework",
				"${TARGET_BUILD_DIR}/${FRAMEWORKS_FOLDER_PATH}/Protobuf.framework",
				"${TARGET_BUILD_DIR}/${FRAMEWORKS_FOLDER_PATH}/nanopb.framework",
			);
			runOnlyForDeploymentPostprocessing = 0;
			shellPath = /bin/sh;
			shellScript = "\"${SRCROOT}/Pods/Target Support Files/Pods-Peria/Pods-Peria-frameworks.sh\"\n";
			showEnvVarsInLog = 0;
		};
/* End PBXShellScriptBuildPhase section */

/* Begin PBXSourcesBuildPhase section */
		E9899B7F20D5D58A009B3BF7 /* Sources */ = {
			isa = PBXSourcesBuildPhase;
			buildActionMask = 2147483647;
			files = (
				E9899B8920D5D58A009B3BF7 /* ViewController.swift in Sources */,
				E9899B8720D5D58A009B3BF7 /* AppDelegate.swift in Sources */,
			);
			runOnlyForDeploymentPostprocessing = 0;
		};
/* End PBXSourcesBuildPhase section */

/* Begin PBXVariantGroup section */
		E9899B8A20D5D58A009B3BF7 /* Main.storyboard */ = {
			isa = PBXVariantGroup;
			children = (
				E9899B8B20D5D58A009B3BF7 /* Base */,
			);
			name = Main.storyboard;
			sourceTree = "<group>";
		};
		E9899B8F20D5D590009B3BF7 /* LaunchScreen.storyboard */ = {
			isa = PBXVariantGroup;
			children = (
				E9899B9020D5D590009B3BF7 /* Base */,
			);
			name = LaunchScreen.storyboard;
			sourceTree = "<group>";
		};
/* End PBXVariantGroup section */

/* Begin XCBuildConfiguration section */
		E9899B9320D5D590009B3BF7 /* Debug */ = {
			isa = XCBuildConfiguration;
			buildSettings = {
				ALWAYS_SEARCH_USER_PATHS = NO;
				CLANG_ANALYZER_NONNULL = YES;
				CLANG_ANALYZER_NUMBER_OBJECT_CONVERSION = YES_AGGRESSIVE;
				CLANG_CXX_LANGUAGE_STANDARD = "gnu++14";
				CLANG_CXX_LIBRARY = "libc++";
				CLANG_ENABLE_MODULES = YES;
				CLANG_ENABLE_OBJC_ARC = YES;
				CLANG_ENABLE_OBJC_WEAK = YES;
				CLANG_WARN_BLOCK_CAPTURE_AUTORELEASING = YES;
				CLANG_WARN_BOOL_CONVERSION = YES;
				CLANG_WARN_COMMA = YES;
				CLANG_WARN_CONSTANT_CONVERSION = YES;
				CLANG_WARN_DEPRECATED_OBJC_IMPLEMENTATIONS = YES;
				CLANG_WARN_DIRECT_OBJC_ISA_USAGE = YES_ERROR;
				CLANG_WARN_DOCUMENTATION_COMMENTS = YES;
				CLANG_WARN_EMPTY_BODY = YES;
				CLANG_WARN_ENUM_CONVERSION = YES;
				CLANG_WARN_INFINITE_RECURSION = YES;
				CLANG_WARN_INT_CONVERSION = YES;
				CLANG_WARN_NON_LITERAL_NULL_CONVERSION = YES;
				CLANG_WARN_OBJC_IMPLICIT_RETAIN_SELF = YES;
				CLANG_WARN_OBJC_LITERAL_CONVERSION = YES;
				CLANG_WARN_OBJC_ROOT_CLASS = YES_ERROR;
				CLANG_WARN_RANGE_LOOP_ANALYSIS = YES;
				CLANG_WARN_STRICT_PROTOTYPES = YES;
				CLANG_WARN_SUSPICIOUS_MOVE = YES;
				CLANG_WARN_UNGUARDED_AVAILABILITY = YES_AGGRESSIVE;
				CLANG_WARN_UNREACHABLE_CODE = YES;
				CLANG_WARN__DUPLICATE_METHOD_MATCH = YES;
				CODE_SIGN_IDENTITY = "iPhone Developer";
				COPY_PHASE_STRIP = NO;
				DEBUG_INFORMATION_FORMAT = dwarf;
				ENABLE_STRICT_OBJC_MSGSEND = YES;
				ENABLE_TESTABILITY = YES;
				GCC_C_LANGUAGE_STANDARD = gnu11;
				GCC_DYNAMIC_NO_PIC = NO;
				GCC_NO_COMMON_BLOCKS = YES;
				GCC_OPTIMIZATION_LEVEL = 0;
				GCC_PREPROCESSOR_DEFINITIONS = (
					"DEBUG=1",
					"$(inherited)",
				);
				GCC_WARN_64_TO_32_BIT_CONVERSION = YES;
				GCC_WARN_ABOUT_RETURN_TYPE = YES_ERROR;
				GCC_WARN_UNDECLARED_SELECTOR = YES;
				GCC_WARN_UNINITIALIZED_AUTOS = YES_AGGRESSIVE;
				GCC_WARN_UNUSED_FUNCTION = YES;
				GCC_WARN_UNUSED_VARIABLE = YES;
				IPHONEOS_DEPLOYMENT_TARGET = 11.3;
				MTL_ENABLE_DEBUG_INFO = YES;
				ONLY_ACTIVE_ARCH = YES;
				SDKROOT = iphoneos;
				SWIFT_ACTIVE_COMPILATION_CONDITIONS = DEBUG;
				SWIFT_OPTIMIZATION_LEVEL = "-Onone";
			};
			name = Debug;
		};
		E9899B9420D5D590009B3BF7 /* Release */ = {
			isa = XCBuildConfiguration;
			buildSettings = {
				ALWAYS_SEARCH_USER_PATHS = NO;
				CLANG_ANALYZER_NONNULL = YES;
				CLANG_ANALYZER_NUMBER_OBJECT_CONVERSION = YES_AGGRESSIVE;
				CLANG_CXX_LANGUAGE_STANDARD = "gnu++14";
				CLANG_CXX_LIBRARY = "libc++";
				CLANG_ENABLE_MODULES = YES;
				CLANG_ENABLE_OBJC_ARC = YES;
				CLANG_ENABLE_OBJC_WEAK = YES;
				CLANG_WARN_BLOCK_CAPTURE_AUTORELEASING = YES;
				CLANG_WARN_BOOL_CONVERSION = YES;
				CLANG_WARN_COMMA = YES;
				CLANG_WARN_CONSTANT_CONVERSION = YES;
				CLANG_WARN_DEPRECATED_OBJC_IMPLEMENTATIONS = YES;
				CLANG_WARN_DIRECT_OBJC_ISA_USAGE = YES_ERROR;
				CLANG_WARN_DOCUMENTATION_COMMENTS = YES;
				CLANG_WARN_EMPTY_BODY = YES;
				CLANG_WARN_ENUM_CONVERSION = YES;
				CLANG_WARN_INFINITE_RECURSION = YES;
				CLANG_WARN_INT_CONVERSION = YES;
				CLANG_WARN_NON_LITERAL_NULL_CONVERSION = YES;
				CLANG_WARN_OBJC_IMPLICIT_RETAIN_SELF = YES;
				CLANG_WARN_OBJC_LITERAL_CONVERSION = YES;
				CLANG_WARN_OBJC_ROOT_CLASS = YES_ERROR;
				CLANG_WARN_RANGE_LOOP_ANALYSIS = YES;
				CLANG_WARN_STRICT_PROTOTYPES = YES;
				CLANG_WARN_SUSPICIOUS_MOVE = YES;
				CLANG_WARN_UNGUARDED_AVAILABILITY = YES_AGGRESSIVE;
				CLANG_WARN_UNREACHABLE_CODE = YES;
				CLANG_WARN__DUPLICATE_METHOD_MATCH = YES;
				CODE_SIGN_IDENTITY = "iPhone Developer";
				COPY_PHASE_STRIP = NO;
				DEBUG_INFORMATION_FORMAT = "dwarf-with-dsym";
				ENABLE_NS_ASSERTIONS = NO;
				ENABLE_STRICT_OBJC_MSGSEND = YES;
				GCC_C_LANGUAGE_STANDARD = gnu11;
				GCC_NO_COMMON_BLOCKS = YES;
				GCC_WARN_64_TO_32_BIT_CONVERSION = YES;
				GCC_WARN_ABOUT_RETURN_TYPE = YES_ERROR;
				GCC_WARN_UNDECLARED_SELECTOR = YES;
				GCC_WARN_UNINITIALIZED_AUTOS = YES_AGGRESSIVE;
				GCC_WARN_UNUSED_FUNCTION = YES;
				GCC_WARN_UNUSED_VARIABLE = YES;
				IPHONEOS_DEPLOYMENT_TARGET = 11.3;
				MTL_ENABLE_DEBUG_INFO = NO;
				SDKROOT = iphoneos;
				SWIFT_COMPILATION_MODE = wholemodule;
				SWIFT_OPTIMIZATION_LEVEL = "-O";
				VALIDATE_PRODUCT = YES;
			};
			name = Release;
		};
		E9899B9620D5D590009B3BF7 /* Debug */ = {
			isa = XCBuildConfiguration;
			baseConfigurationReference = 4E2989BBF6DFA978D3EE0829 /* Pods-Peria.debug.xcconfig */;
			buildSettings = {
				ASSETCATALOG_COMPILER_APPICON_NAME = AppIcon;
				CODE_SIGN_ENTITLEMENTS = Peria/Peria.entitlements;
				CODE_SIGN_STYLE = Automatic;
				DEVELOPMENT_TEAM = P7XKP3B2C9;
				INFOPLIST_FILE = Peria/Info.plist;
				LD_RUNPATH_SEARCH_PATHS = (
					"$(inherited)",
					"@executable_path/Frameworks",
				);
				PRODUCT_BUNDLE_IDENTIFIER = "com.cosmicarrows.Peria---com.cosmicarrows.Peria";
				PRODUCT_NAME = "$(TARGET_NAME)";
				SWIFT_VERSION = 4.0;
				TARGETED_DEVICE_FAMILY = "1,2";
			};
			name = Debug;
		};
		E9899B9720D5D590009B3BF7 /* Release */ = {
			isa = XCBuildConfiguration;
			baseConfigurationReference = 80C6C085D6A8DB98D95F695E /* Pods-Peria.release.xcconfig */;
			buildSettings = {
				ASSETCATALOG_COMPILER_APPICON_NAME = AppIcon;
				CODE_SIGN_ENTITLEMENTS = Peria/Peria.entitlements;
				CODE_SIGN_STYLE = Automatic;
				DEVELOPMENT_TEAM = P7XKP3B2C9;
				INFOPLIST_FILE = Peria/Info.plist;
				LD_RUNPATH_SEARCH_PATHS = (
					"$(inherited)",
					"@executable_path/Frameworks",
				);
				PRODUCT_BUNDLE_IDENTIFIER = "com.cosmicarrows.Peria---com.cosmicarrows.Peria";
				PRODUCT_NAME = "$(TARGET_NAME)";
				SWIFT_VERSION = 4.0;
				TARGETED_DEVICE_FAMILY = "1,2";
			};
			name = Release;
		};
/* End XCBuildConfiguration section */

/* Begin XCConfigurationList section */
		E9899B7E20D5D58A009B3BF7 /* Build configuration list for PBXProject "Peria" */ = {
			isa = XCConfigurationList;
			buildConfigurations = (
				E9899B9320D5D590009B3BF7 /* Debug */,
				E9899B9420D5D590009B3BF7 /* Release */,
			);
			defaultConfigurationIsVisible = 0;
			defaultConfigurationName = Release;
		};
		E9899B9520D5D590009B3BF7 /* Build configuration list for PBXNativeTarget "Peria" */ = {
			isa = XCConfigurationList;
			buildConfigurations = (
				E9899B9620D5D590009B3BF7 /* Debug */,
				E9899B9720D5D590009B3BF7 /* Release */,
			);
			defaultConfigurationIsVisible = 0;
			defaultConfigurationName = Release;
		};
/* End XCConfigurationList section */
	};
	rootObject = E9899B7B20D5D58A009B3BF7 /* Project object */;
}
